// !$*UTF8*$!
{
	archiveVersion = 1;
	classes = {
	};
	objectVersion = 56;
	objects = {

/* Begin PBXBuildFile section */
		9814FB1B28EAC4EF00BAC07C /* NewsDetailViewController.swift in Sources */ = {isa = PBXBuildFile; fileRef = 9814FB1A28EAC4EF00BAC07C /* NewsDetailViewController.swift */; };
		981D3D5028FC482000FB0C90 /* DataPersistence.swift in Sources */ = {isa = PBXBuildFile; fileRef = 981D3D4F28FC481F00FB0C90 /* DataPersistence.swift */; };
		985E624D29450F8A00CB09A0 /* NewsViewController.swift in Sources */ = {isa = PBXBuildFile; fileRef = 985E624C29450F8A00CB09A0 /* NewsViewController.swift */; };
		985E624F294510AB00CB09A0 /* TopNewsTableViewCell.swift in Sources */ = {isa = PBXBuildFile; fileRef = 985E624E294510AB00CB09A0 /* TopNewsTableViewCell.swift */; };
		985E625329452F7E00CB09A0 /* RootNavigationController.swift in Sources */ = {isa = PBXBuildFile; fileRef = 985E625229452F7E00CB09A0 /* RootNavigationController.swift */; };
		985E625529452F9100CB09A0 /* MainViewController.swift in Sources */ = {isa = PBXBuildFile; fileRef = 985E625429452F9100CB09A0 /* MainViewController.swift */; };
		985E62572945318500CB09A0 /* CompositionalLayout.swift in Sources */ = {isa = PBXBuildFile; fileRef = 985E62562945318500CB09A0 /* CompositionalLayout.swift */; };
		985E625A294531F400CB09A0 /* DiscoverCategoriesCell.swift in Sources */ = {isa = PBXBuildFile; fileRef = 985E6259294531F400CB09A0 /* DiscoverCategoriesCell.swift */; };
		985E625C2945F65900CB09A0 /* DiscoverMainCategoryCell.swift in Sources */ = {isa = PBXBuildFile; fileRef = 985E625B2945F65900CB09A0 /* DiscoverMainCategoryCell.swift */; };
		985E625F2946012D00CB09A0 /* DiscoverSourcesCell.swift in Sources */ = {isa = PBXBuildFile; fileRef = 985E625E2946012D00CB09A0 /* DiscoverSourcesCell.swift */; };
		985E62622947BB9800CB09A0 /* MainViewController+Data.swift in Sources */ = {isa = PBXBuildFile; fileRef = 985E62612947BB9800CB09A0 /* MainViewController+Data.swift */; };
		985E62642947BBB200CB09A0 /* MainViewController+Search.swift in Sources */ = {isa = PBXBuildFile; fileRef = 985E62632947BBB200CB09A0 /* MainViewController+Search.swift */; };
		985E62662947BBC000CB09A0 /* MainViewController+Delegate.swift in Sources */ = {isa = PBXBuildFile; fileRef = 985E62652947BBC000CB09A0 /* MainViewController+Delegate.swift */; };
		985E62682947BC6600CB09A0 /* Header.swift in Sources */ = {isa = PBXBuildFile; fileRef = 985E62672947BC6600CB09A0 /* Header.swift */; };
		985E626A2947BC9B00CB09A0 /* Footer.swift in Sources */ = {isa = PBXBuildFile; fileRef = 985E62692947BC9B00CB09A0 /* Footer.swift */; };
		985E626C2947BCB500CB09A0 /* Background.swift in Sources */ = {isa = PBXBuildFile; fileRef = 985E626B2947BCB500CB09A0 /* Background.swift */; };
		985E626F2947BD0F00CB09A0 /* NewsViewController+Data.swift in Sources */ = {isa = PBXBuildFile; fileRef = 985E626E2947BD0F00CB09A0 /* NewsViewController+Data.swift */; };
		985E62712947BD3600CB09A0 /* NewsViewController+Protocol.swift in Sources */ = {isa = PBXBuildFile; fileRef = 985E62702947BD3600CB09A0 /* NewsViewController+Protocol.swift */; };
		985E627A294A47C900CB09A0 /* SideMenuViewController.swift in Sources */ = {isa = PBXBuildFile; fileRef = 985E6279294A47C900CB09A0 /* SideMenuViewController.swift */; };
		98695653294BB49000927139 /* SideMenuCellView.swift in Sources */ = {isa = PBXBuildFile; fileRef = 98695652294BB49000927139 /* SideMenuCellView.swift */; };
		98695655294BB4FC00927139 /* SideMenuCell.swift in Sources */ = {isa = PBXBuildFile; fileRef = 98695654294BB4FC00927139 /* SideMenuCell.swift */; };
		98695659294E050900927139 /* Content.swift in Sources */ = {isa = PBXBuildFile; fileRef = 98695658294E050900927139 /* Content.swift */; };
		98A0262828E74F94002FA5AE /* SDWebImage in Frameworks */ = {isa = PBXBuildFile; productRef = 98A0262728E74F94002FA5AE /* SDWebImage */; };
		98A0262A28E74F94002FA5AE /* SDWebImageMapKit in Frameworks */ = {isa = PBXBuildFile; productRef = 98A0262928E74F94002FA5AE /* SDWebImageMapKit */; };
		98C63B8B2950ED8100D7F32E /* SkeletonView in Frameworks */ = {isa = PBXBuildFile; productRef = 98C63B8A2950ED8100D7F32E /* SkeletonView */; };
		98C63B8E2958CE4700D7F32E /* HomeCollectionView.swift in Sources */ = {isa = PBXBuildFile; fileRef = 98C63B8D2958CE4700D7F32E /* HomeCollectionView.swift */; };
		98C63B902958DEC500D7F32E /* String+.swift in Sources */ = {isa = PBXBuildFile; fileRef = 98C63B8F2958DEC500D7F32E /* String+.swift */; };
		98C63B932958E00C00D7F32E /* NewsTableView.swift in Sources */ = {isa = PBXBuildFile; fileRef = 98C63B922958E00C00D7F32E /* NewsTableView.swift */; };
		98C63B96295B761F00D7F32E /* BlurryView.swift in Sources */ = {isa = PBXBuildFile; fileRef = 98C63B95295B761F00D7F32E /* BlurryView.swift */; };
		98C63B99295B7BE800D7F32E /* SearchController.swift in Sources */ = {isa = PBXBuildFile; fileRef = 98C63B98295B7BE800D7F32E /* SearchController.swift */; };
		98C63B9D295CB5B100D7F32E /* RootNavigationController+Delegate.swift in Sources */ = {isa = PBXBuildFile; fileRef = 98C63B9C295CB5B100D7F32E /* RootNavigationController+Delegate.swift */; };
		98C63B9F295CB5EC00D7F32E /* SideMenuViewController+Data.swift in Sources */ = {isa = PBXBuildFile; fileRef = 98C63B9E295CB5EC00D7F32E /* SideMenuViewController+Data.swift */; };
		98C63BA2295CC68F00D7F32E /* Theme.swift in Sources */ = {isa = PBXBuildFile; fileRef = 98C63BA1295CC68F00D7F32E /* Theme.swift */; };
		98C63BA4295CC70D00D7F32E /* UIFont+.swift in Sources */ = {isa = PBXBuildFile; fileRef = 98C63BA3295CC70D00D7F32E /* UIFont+.swift */; };
		98C63BA6295CC73F00D7F32E /* UIColor+.swift in Sources */ = {isa = PBXBuildFile; fileRef = 98C63BA5295CC73F00D7F32E /* UIColor+.swift */; };
		98C63BA8295E073D00D7F32E /* NewsViewController+Scroll.swift in Sources */ = {isa = PBXBuildFile; fileRef = 98C63BA7295E073D00D7F32E /* NewsViewController+Scroll.swift */; };
		98C63BAA295E1EE000D7F32E /* UILabel+.swift in Sources */ = {isa = PBXBuildFile; fileRef = 98C63BA9295E1EE000D7F32E /* UILabel+.swift */; };
		98C63BAC295E214A00D7F32E /* UIImageView+.swift in Sources */ = {isa = PBXBuildFile; fileRef = 98C63BAB295E214A00D7F32E /* UIImageView+.swift */; };
		98C63BAE296042AB00D7F32E /* Date+.swift in Sources */ = {isa = PBXBuildFile; fileRef = 98C63BAD296042AB00D7F32E /* Date+.swift */; };
		98C63BB0296045A000D7F32E /* UIView+.swift in Sources */ = {isa = PBXBuildFile; fileRef = 98C63BAF296045A000D7F32E /* UIView+.swift */; };
		98C63BFC29604E9500D7F32E /* NewsResponse.swift in Sources */ = {isa = PBXBuildFile; fileRef = 98C63BFB29604E9500D7F32E /* NewsResponse.swift */; };
		98C63BFE29604EA100D7F32E /* NewsRequest.swift in Sources */ = {isa = PBXBuildFile; fileRef = 98C63BFD29604EA100D7F32E /* NewsRequest.swift */; };
		98C63C0029604EAD00D7F32E /* Source.swift in Sources */ = {isa = PBXBuildFile; fileRef = 98C63BFF29604EAD00D7F32E /* Source.swift */; };
		98C63C0229604EB800D7F32E /* SourceResponse.swift in Sources */ = {isa = PBXBuildFile; fileRef = 98C63C0129604EB800D7F32E /* SourceResponse.swift */; };
		98C63C0429604EC100D7F32E /* SourceRequest.swift in Sources */ = {isa = PBXBuildFile; fileRef = 98C63C0329604EC100D7F32E /* SourceRequest.swift */; };
		98C63C0929604EE400D7F32E /* QueryRequest.swift in Sources */ = {isa = PBXBuildFile; fileRef = 98C63C0829604EE400D7F32E /* QueryRequest.swift */; };
		98C63C0B2960505500D7F32E /* Alias.swift in Sources */ = {isa = PBXBuildFile; fileRef = 98C63C0A2960505500D7F32E /* Alias.swift */; };
		98C63C0E2960543400D7F32E /* Request.swift in Sources */ = {isa = PBXBuildFile; fileRef = 98C63C0D2960543400D7F32E /* Request.swift */; };
		98C63C102960543C00D7F32E /* Error.swift in Sources */ = {isa = PBXBuildFile; fileRef = 98C63C0F2960543C00D7F32E /* Error.swift */; };
		98C63C122960544300D7F32E /* Caller.swift in Sources */ = {isa = PBXBuildFile; fileRef = 98C63C112960544300D7F32E /* Caller.swift */; };
		98C63C14296055B400D7F32E /* Async.swift in Sources */ = {isa = PBXBuildFile; fileRef = 98C63C13296055B400D7F32E /* Async.swift */; };
		98C63C18296056F400D7F32E /* AppPreferences.swift in Sources */ = {isa = PBXBuildFile; fileRef = 98C63C17296056F400D7F32E /* AppPreferences.swift */; };
		98F8A24F28E6D9F30010E8AC /* AppDelegate.swift in Sources */ = {isa = PBXBuildFile; fileRef = 98F8A24E28E6D9F30010E8AC /* AppDelegate.swift */; };
		98F8A25128E6D9F30010E8AC /* SceneDelegate.swift in Sources */ = {isa = PBXBuildFile; fileRef = 98F8A25028E6D9F30010E8AC /* SceneDelegate.swift */; };
		98F8A25928E6D9F30010E8AC /* NewsPapier.xcdatamodeld in Sources */ = {isa = PBXBuildFile; fileRef = 98F8A25728E6D9F30010E8AC /* NewsPapier.xcdatamodeld */; };
		98F8A25B28E6D9F30010E8AC /* Assets.xcassets in Resources */ = {isa = PBXBuildFile; fileRef = 98F8A25A28E6D9F30010E8AC /* Assets.xcassets */; };
		98F8A25E28E6D9F30010E8AC /* LaunchScreen.storyboard in Resources */ = {isa = PBXBuildFile; fileRef = 98F8A25C28E6D9F30010E8AC /* LaunchScreen.storyboard */; };
		98F8A28428E6DD420010E8AC /* News.swift in Sources */ = {isa = PBXBuildFile; fileRef = 98F8A28328E6DD420010E8AC /* News.swift */; };
/* End PBXBuildFile section */

/* Begin PBXContainerItemProxy section */
		98F8A26528E6D9F40010E8AC /* PBXContainerItemProxy */ = {
			isa = PBXContainerItemProxy;
			containerPortal = 98F8A24328E6D9F30010E8AC /* Project object */;
			proxyType = 1;
			remoteGlobalIDString = 98F8A24A28E6D9F30010E8AC;
			remoteInfo = NewsPapier;
		};
		98F8A26F28E6D9F40010E8AC /* PBXContainerItemProxy */ = {
			isa = PBXContainerItemProxy;
			containerPortal = 98F8A24328E6D9F30010E8AC /* Project object */;
			proxyType = 1;
			remoteGlobalIDString = 98F8A24A28E6D9F30010E8AC;
			remoteInfo = NewsPapier;
		};
/* End PBXContainerItemProxy section */

/* Begin PBXFileReference section */
		9814FB1A28EAC4EF00BAC07C /* NewsDetailViewController.swift */ = {isa = PBXFileReference; lastKnownFileType = sourcecode.swift; path = NewsDetailViewController.swift; sourceTree = "<group>"; };
		981D3D4F28FC481F00FB0C90 /* DataPersistence.swift */ = {isa = PBXFileReference; lastKnownFileType = sourcecode.swift; path = DataPersistence.swift; sourceTree = "<group>"; };
		985E624C29450F8A00CB09A0 /* NewsViewController.swift */ = {isa = PBXFileReference; lastKnownFileType = sourcecode.swift; path = NewsViewController.swift; sourceTree = "<group>"; };
		985E624E294510AB00CB09A0 /* TopNewsTableViewCell.swift */ = {isa = PBXFileReference; lastKnownFileType = sourcecode.swift; path = TopNewsTableViewCell.swift; sourceTree = "<group>"; };
		985E625229452F7E00CB09A0 /* RootNavigationController.swift */ = {isa = PBXFileReference; lastKnownFileType = sourcecode.swift; path = RootNavigationController.swift; sourceTree = "<group>"; };
		985E625429452F9100CB09A0 /* MainViewController.swift */ = {isa = PBXFileReference; lastKnownFileType = sourcecode.swift; path = MainViewController.swift; sourceTree = "<group>"; };
		985E62562945318500CB09A0 /* CompositionalLayout.swift */ = {isa = PBXFileReference; lastKnownFileType = sourcecode.swift; path = CompositionalLayout.swift; sourceTree = "<group>"; };
		985E6259294531F400CB09A0 /* DiscoverCategoriesCell.swift */ = {isa = PBXFileReference; lastKnownFileType = sourcecode.swift; path = DiscoverCategoriesCell.swift; sourceTree = "<group>"; };
		985E625B2945F65900CB09A0 /* DiscoverMainCategoryCell.swift */ = {isa = PBXFileReference; lastKnownFileType = sourcecode.swift; path = DiscoverMainCategoryCell.swift; sourceTree = "<group>"; };
		985E625E2946012D00CB09A0 /* DiscoverSourcesCell.swift */ = {isa = PBXFileReference; lastKnownFileType = sourcecode.swift; path = DiscoverSourcesCell.swift; sourceTree = "<group>"; };
		985E62612947BB9800CB09A0 /* MainViewController+Data.swift */ = {isa = PBXFileReference; lastKnownFileType = sourcecode.swift; path = "MainViewController+Data.swift"; sourceTree = "<group>"; };
		985E62632947BBB200CB09A0 /* MainViewController+Search.swift */ = {isa = PBXFileReference; lastKnownFileType = sourcecode.swift; path = "MainViewController+Search.swift"; sourceTree = "<group>"; };
		985E62652947BBC000CB09A0 /* MainViewController+Delegate.swift */ = {isa = PBXFileReference; lastKnownFileType = sourcecode.swift; path = "MainViewController+Delegate.swift"; sourceTree = "<group>"; };
		985E62672947BC6600CB09A0 /* Header.swift */ = {isa = PBXFileReference; lastKnownFileType = sourcecode.swift; path = Header.swift; sourceTree = "<group>"; };
		985E62692947BC9B00CB09A0 /* Footer.swift */ = {isa = PBXFileReference; lastKnownFileType = sourcecode.swift; path = Footer.swift; sourceTree = "<group>"; };
		985E626B2947BCB500CB09A0 /* Background.swift */ = {isa = PBXFileReference; lastKnownFileType = sourcecode.swift; path = Background.swift; sourceTree = "<group>"; };
		985E626E2947BD0F00CB09A0 /* NewsViewController+Data.swift */ = {isa = PBXFileReference; lastKnownFileType = sourcecode.swift; path = "NewsViewController+Data.swift"; sourceTree = "<group>"; };
		985E62702947BD3600CB09A0 /* NewsViewController+Protocol.swift */ = {isa = PBXFileReference; lastKnownFileType = sourcecode.swift; path = "NewsViewController+Protocol.swift"; sourceTree = "<group>"; };
		985E6279294A47C900CB09A0 /* SideMenuViewController.swift */ = {isa = PBXFileReference; lastKnownFileType = sourcecode.swift; path = SideMenuViewController.swift; sourceTree = "<group>"; };
		98695652294BB49000927139 /* SideMenuCellView.swift */ = {isa = PBXFileReference; lastKnownFileType = sourcecode.swift; path = SideMenuCellView.swift; sourceTree = "<group>"; };
		98695654294BB4FC00927139 /* SideMenuCell.swift */ = {isa = PBXFileReference; lastKnownFileType = sourcecode.swift; path = SideMenuCell.swift; sourceTree = "<group>"; };
		98695658294E050900927139 /* Content.swift */ = {isa = PBXFileReference; lastKnownFileType = sourcecode.swift; path = Content.swift; sourceTree = "<group>"; };
		98C63B8D2958CE4700D7F32E /* HomeCollectionView.swift */ = {isa = PBXFileReference; lastKnownFileType = sourcecode.swift; path = HomeCollectionView.swift; sourceTree = "<group>"; };
		98C63B8F2958DEC500D7F32E /* String+.swift */ = {isa = PBXFileReference; lastKnownFileType = sourcecode.swift; path = "String+.swift"; sourceTree = "<group>"; };
		98C63B922958E00C00D7F32E /* NewsTableView.swift */ = {isa = PBXFileReference; lastKnownFileType = sourcecode.swift; path = NewsTableView.swift; sourceTree = "<group>"; };
		98C63B95295B761F00D7F32E /* BlurryView.swift */ = {isa = PBXFileReference; lastKnownFileType = sourcecode.swift; path = BlurryView.swift; sourceTree = "<group>"; };
		98C63B98295B7BE800D7F32E /* SearchController.swift */ = {isa = PBXFileReference; lastKnownFileType = sourcecode.swift; path = SearchController.swift; sourceTree = "<group>"; };
		98C63B9C295CB5B100D7F32E /* RootNavigationController+Delegate.swift */ = {isa = PBXFileReference; lastKnownFileType = sourcecode.swift; path = "RootNavigationController+Delegate.swift"; sourceTree = "<group>"; };
		98C63B9E295CB5EC00D7F32E /* SideMenuViewController+Data.swift */ = {isa = PBXFileReference; lastKnownFileType = sourcecode.swift; path = "SideMenuViewController+Data.swift"; sourceTree = "<group>"; };
		98C63BA1295CC68F00D7F32E /* Theme.swift */ = {isa = PBXFileReference; lastKnownFileType = sourcecode.swift; path = Theme.swift; sourceTree = "<group>"; };
		98C63BA3295CC70D00D7F32E /* UIFont+.swift */ = {isa = PBXFileReference; lastKnownFileType = sourcecode.swift; path = "UIFont+.swift"; sourceTree = "<group>"; };
		98C63BA5295CC73F00D7F32E /* UIColor+.swift */ = {isa = PBXFileReference; lastKnownFileType = sourcecode.swift; path = "UIColor+.swift"; sourceTree = "<group>"; };
		98C63BA7295E073D00D7F32E /* NewsViewController+Scroll.swift */ = {isa = PBXFileReference; lastKnownFileType = sourcecode.swift; path = "NewsViewController+Scroll.swift"; sourceTree = "<group>"; };
		98C63BA9295E1EE000D7F32E /* UILabel+.swift */ = {isa = PBXFileReference; lastKnownFileType = sourcecode.swift; path = "UILabel+.swift"; sourceTree = "<group>"; };
		98C63BAB295E214A00D7F32E /* UIImageView+.swift */ = {isa = PBXFileReference; lastKnownFileType = sourcecode.swift; path = "UIImageView+.swift"; sourceTree = "<group>"; };
		98C63BAD296042AB00D7F32E /* Date+.swift */ = {isa = PBXFileReference; lastKnownFileType = sourcecode.swift; path = "Date+.swift"; sourceTree = "<group>"; };
		98C63BAF296045A000D7F32E /* UIView+.swift */ = {isa = PBXFileReference; lastKnownFileType = sourcecode.swift; path = "UIView+.swift"; sourceTree = "<group>"; };
		98C63BFB29604E9500D7F32E /* NewsResponse.swift */ = {isa = PBXFileReference; lastKnownFileType = sourcecode.swift; path = NewsResponse.swift; sourceTree = "<group>"; };
		98C63BFD29604EA100D7F32E /* NewsRequest.swift */ = {isa = PBXFileReference; lastKnownFileType = sourcecode.swift; path = NewsRequest.swift; sourceTree = "<group>"; };
		98C63BFF29604EAD00D7F32E /* Source.swift */ = {isa = PBXFileReference; lastKnownFileType = sourcecode.swift; path = Source.swift; sourceTree = "<group>"; };
		98C63C0129604EB800D7F32E /* SourceResponse.swift */ = {isa = PBXFileReference; lastKnownFileType = sourcecode.swift; path = SourceResponse.swift; sourceTree = "<group>"; };
		98C63C0329604EC100D7F32E /* SourceRequest.swift */ = {isa = PBXFileReference; lastKnownFileType = sourcecode.swift; path = SourceRequest.swift; sourceTree = "<group>"; };
		98C63C0829604EE400D7F32E /* QueryRequest.swift */ = {isa = PBXFileReference; lastKnownFileType = sourcecode.swift; path = QueryRequest.swift; sourceTree = "<group>"; };
		98C63C0A2960505500D7F32E /* Alias.swift */ = {isa = PBXFileReference; lastKnownFileType = sourcecode.swift; path = Alias.swift; sourceTree = "<group>"; };
		98C63C0D2960543400D7F32E /* Request.swift */ = {isa = PBXFileReference; lastKnownFileType = sourcecode.swift; path = Request.swift; sourceTree = "<group>"; };
		98C63C0F2960543C00D7F32E /* Error.swift */ = {isa = PBXFileReference; lastKnownFileType = sourcecode.swift; path = Error.swift; sourceTree = "<group>"; };
		98C63C112960544300D7F32E /* Caller.swift */ = {isa = PBXFileReference; lastKnownFileType = sourcecode.swift; path = Caller.swift; sourceTree = "<group>"; };
		98C63C13296055B400D7F32E /* Async.swift */ = {isa = PBXFileReference; lastKnownFileType = sourcecode.swift; path = Async.swift; sourceTree = "<group>"; };
		98C63C17296056F400D7F32E /* AppPreferences.swift */ = {isa = PBXFileReference; lastKnownFileType = sourcecode.swift; path = AppPreferences.swift; sourceTree = "<group>"; };
		98F8A24B28E6D9F30010E8AC /* NewsPapier.app */ = {isa = PBXFileReference; explicitFileType = wrapper.application; includeInIndex = 0; path = NewsPapier.app; sourceTree = BUILT_PRODUCTS_DIR; };
		98F8A24E28E6D9F30010E8AC /* AppDelegate.swift */ = {isa = PBXFileReference; lastKnownFileType = sourcecode.swift; path = AppDelegate.swift; sourceTree = "<group>"; };
		98F8A25028E6D9F30010E8AC /* SceneDelegate.swift */ = {isa = PBXFileReference; lastKnownFileType = sourcecode.swift; path = SceneDelegate.swift; sourceTree = "<group>"; };
		98F8A25828E6D9F30010E8AC /* NewsPapier.xcdatamodel */ = {isa = PBXFileReference; lastKnownFileType = wrapper.xcdatamodel; path = NewsPapier.xcdatamodel; sourceTree = "<group>"; };
		98F8A25A28E6D9F30010E8AC /* Assets.xcassets */ = {isa = PBXFileReference; lastKnownFileType = folder.assetcatalog; path = Assets.xcassets; sourceTree = "<group>"; };
		98F8A25D28E6D9F30010E8AC /* Base */ = {isa = PBXFileReference; lastKnownFileType = file.storyboard; name = Base; path = Base.lproj/LaunchScreen.storyboard; sourceTree = "<group>"; };
		98F8A25F28E6D9F30010E8AC /* Info.plist */ = {isa = PBXFileReference; lastKnownFileType = text.plist.xml; path = Info.plist; sourceTree = "<group>"; };
		98F8A26428E6D9F40010E8AC /* NewsPapierTests.xctest */ = {isa = PBXFileReference; explicitFileType = wrapper.cfbundle; includeInIndex = 0; path = NewsPapierTests.xctest; sourceTree = BUILT_PRODUCTS_DIR; };
		98F8A26E28E6D9F40010E8AC /* NewsPapierUITests.xctest */ = {isa = PBXFileReference; explicitFileType = wrapper.cfbundle; includeInIndex = 0; path = NewsPapierUITests.xctest; sourceTree = BUILT_PRODUCTS_DIR; };
		98F8A28328E6DD420010E8AC /* News.swift */ = {isa = PBXFileReference; lastKnownFileType = sourcecode.swift; path = News.swift; sourceTree = "<group>"; };
/* End PBXFileReference section */

/* Begin PBXFrameworksBuildPhase section */
		98F8A24828E6D9F30010E8AC /* Frameworks */ = {
			isa = PBXFrameworksBuildPhase;
			buildActionMask = 2147483647;
			files = (
				98A0262A28E74F94002FA5AE /* SDWebImageMapKit in Frameworks */,
				98C63B8B2950ED8100D7F32E /* SkeletonView in Frameworks */,
				98A0262828E74F94002FA5AE /* SDWebImage in Frameworks */,
			);
			runOnlyForDeploymentPostprocessing = 0;
		};
		98F8A26128E6D9F40010E8AC /* Frameworks */ = {
			isa = PBXFrameworksBuildPhase;
			buildActionMask = 2147483647;
			files = (
			);
			runOnlyForDeploymentPostprocessing = 0;
		};
		98F8A26B28E6D9F40010E8AC /* Frameworks */ = {
			isa = PBXFrameworksBuildPhase;
			buildActionMask = 2147483647;
			files = (
			);
			runOnlyForDeploymentPostprocessing = 0;
		};
/* End PBXFrameworksBuildPhase section */

/* Begin PBXGroup section */
		985E62582945319600CB09A0 /* Extensions */ = {
			isa = PBXGroup;
			children = (
				98C63C0A2960505500D7F32E /* Alias.swift */,
				98C63C13296055B400D7F32E /* Async.swift */,
				985E62562945318500CB09A0 /* CompositionalLayout.swift */,
				98C63B8F2958DEC500D7F32E /* String+.swift */,
				98C63BAD296042AB00D7F32E /* Date+.swift */,
				98C63BA3295CC70D00D7F32E /* UIFont+.swift */,
				98C63BA5295CC73F00D7F32E /* UIColor+.swift */,
				98C63BA9295E1EE000D7F32E /* UILabel+.swift */,
				98C63BAF296045A000D7F32E /* UIView+.swift */,
				98C63BAB295E214A00D7F32E /* UIImageView+.swift */,
			);
			path = Extensions;
			sourceTree = "<group>";
		};
		985E62602947BB8000CB09A0 /* MainViewController */ = {
			isa = PBXGroup;
			children = (
				985E625429452F9100CB09A0 /* MainViewController.swift */,
				985E62612947BB9800CB09A0 /* MainViewController+Data.swift */,
				985E62632947BBB200CB09A0 /* MainViewController+Search.swift */,
				985E62652947BBC000CB09A0 /* MainViewController+Delegate.swift */,
			);
			path = MainViewController;
			sourceTree = "<group>";
		};
		985E626D2947BCFC00CB09A0 /* ChildViewController */ = {
			isa = PBXGroup;
			children = (
				985E624C29450F8A00CB09A0 /* NewsViewController.swift */,
				985E626E2947BD0F00CB09A0 /* NewsViewController+Data.swift */,
				985E62702947BD3600CB09A0 /* NewsViewController+Protocol.swift */,
				98C63BA7295E073D00D7F32E /* NewsViewController+Scroll.swift */,
			);
			path = ChildViewController;
			sourceTree = "<group>";
		};
		985E62722947BD7400CB09A0 /* GrandChildViewController */ = {
			isa = PBXGroup;
			children = (
				9814FB1A28EAC4EF00BAC07C /* NewsDetailViewController.swift */,
			);
			path = GrandChildViewController;
			sourceTree = "<group>";
		};
		985E62742947BDC200CB09A0 /* Cell */ = {
			isa = PBXGroup;
			children = (
				985E624E294510AB00CB09A0 /* TopNewsTableViewCell.swift */,
				985E625B2945F65900CB09A0 /* DiscoverMainCategoryCell.swift */,
				985E625E2946012D00CB09A0 /* DiscoverSourcesCell.swift */,
				985E6259294531F400CB09A0 /* DiscoverCategoriesCell.swift */,
				98695652294BB49000927139 /* SideMenuCellView.swift */,
				98695654294BB4FC00927139 /* SideMenuCell.swift */,
			);
			path = Cell;
			sourceTree = "<group>";
		};
		985E62752947BDC900CB09A0 /* Reusable */ = {
			isa = PBXGroup;
			children = (
				985E62672947BC6600CB09A0 /* Header.swift */,
				985E62692947BC9B00CB09A0 /* Footer.swift */,
				985E626B2947BCB500CB09A0 /* Background.swift */,
			);
			path = Reusable;
			sourceTree = "<group>";
		};
		98C63B8C2958CE2F00D7F32E /* Collection */ = {
			isa = PBXGroup;
			children = (
				98C63B8D2958CE4700D7F32E /* HomeCollectionView.swift */,
			);
			path = Collection;
			sourceTree = "<group>";
		};
		98C63B912958DFFF00D7F32E /* Table */ = {
			isa = PBXGroup;
			children = (
				98C63B922958E00C00D7F32E /* NewsTableView.swift */,
			);
			path = Table;
			sourceTree = "<group>";
		};
		98C63B9A295CB58000D7F32E /* RootNavController */ = {
			isa = PBXGroup;
			children = (
				985E625229452F7E00CB09A0 /* RootNavigationController.swift */,
				98C63B9C295CB5B100D7F32E /* RootNavigationController+Delegate.swift */,
			);
			path = RootNavController;
			sourceTree = "<group>";
		};
		98C63B9B295CB58F00D7F32E /* SideMenuViewController */ = {
			isa = PBXGroup;
			children = (
				985E6279294A47C900CB09A0 /* SideMenuViewController.swift */,
				98C63B9E295CB5EC00D7F32E /* SideMenuViewController+Data.swift */,
			);
			path = SideMenuViewController;
			sourceTree = "<group>";
		};
		98C63BA0295CC67000D7F32E /* Theme */ = {
			isa = PBXGroup;
			children = (
				98C63BA1295CC68F00D7F32E /* Theme.swift */,
			);
			path = Theme;
			sourceTree = "<group>";
		};
		98C63C0529604EC500D7F32E /* News */ = {
			isa = PBXGroup;
			children = (
				98F8A28328E6DD420010E8AC /* News.swift */,
				98C63BFB29604E9500D7F32E /* NewsResponse.swift */,
				98C63BFD29604EA100D7F32E /* NewsRequest.swift */,
			);
			path = News;
			sourceTree = "<group>";
		};
		98C63C0629604ECA00D7F32E /* Source */ = {
			isa = PBXGroup;
			children = (
				98C63BFF29604EAD00D7F32E /* Source.swift */,
				98C63C0129604EB800D7F32E /* SourceResponse.swift */,
				98C63C0329604EC100D7F32E /* SourceRequest.swift */,
			);
			path = Source;
			sourceTree = "<group>";
		};
		98C63C0729604ECF00D7F32E /* Query */ = {
			isa = PBXGroup;
			children = (
				98C63C0829604EE400D7F32E /* QueryRequest.swift */,
			);
			path = Query;
			sourceTree = "<group>";
		};
		98C63C0C2960541C00D7F32E /* API */ = {
			isa = PBXGroup;
			children = (
				98C63C0F2960543C00D7F32E /* Error.swift */,
				98C63C0D2960543400D7F32E /* Request.swift */,
				98C63C112960544300D7F32E /* Caller.swift */,
			);
			path = API;
			sourceTree = "<group>";
		};
		98C63C15296056A100D7F32E /* CoreData */ = {
			isa = PBXGroup;
			children = (
				981D3D4F28FC481F00FB0C90 /* DataPersistence.swift */,
			);
			path = CoreData;
			sourceTree = "<group>";
		};
		98C63C16296056AC00D7F32E /* Preferences */ = {
			isa = PBXGroup;
			children = (
				98C63C17296056F400D7F32E /* AppPreferences.swift */,
			);
			path = Preferences;
			sourceTree = "<group>";
		};
		98F8A24228E6D9F30010E8AC = {
			isa = PBXGroup;
			children = (
				98F8A24D28E6D9F30010E8AC /* NewsPapier */,
				98F8A24C28E6D9F30010E8AC /* Products */,
			);
			sourceTree = "<group>";
		};
		98F8A24C28E6D9F30010E8AC /* Products */ = {
			isa = PBXGroup;
			children = (
				98F8A24B28E6D9F30010E8AC /* NewsPapier.app */,
				98F8A26428E6D9F40010E8AC /* NewsPapierTests.xctest */,
				98F8A26E28E6D9F40010E8AC /* NewsPapierUITests.xctest */,
			);
			name = Products;
			sourceTree = "<group>";
		};
		98F8A24D28E6D9F30010E8AC /* NewsPapier */ = {
			isa = PBXGroup;
			children = (
				98C63BA0295CC67000D7F32E /* Theme */,
				985E62582945319600CB09A0 /* Extensions */,
				98C63C16296056AC00D7F32E /* Preferences */,
				98F8A28128E6DD180010E8AC /* Managers */,
				98F8A28228E6DD2C0010E8AC /* Model */,
				98F8A28C28E6E74C0010E8AC /* View */,
				98F8A28728E6E3080010E8AC /* Controller */,
				98F8A24E28E6D9F30010E8AC /* AppDelegate.swift */,
				98F8A25028E6D9F30010E8AC /* SceneDelegate.swift */,
				98F8A25A28E6D9F30010E8AC /* Assets.xcassets */,
				98F8A25C28E6D9F30010E8AC /* LaunchScreen.storyboard */,
				98F8A25F28E6D9F30010E8AC /* Info.plist */,
				98F8A25728E6D9F30010E8AC /* NewsPapier.xcdatamodeld */,
			);
			path = NewsPapier;
			sourceTree = "<group>";
		};
		98F8A28128E6DD180010E8AC /* Managers */ = {
			isa = PBXGroup;
			children = (
				98C63C15296056A100D7F32E /* CoreData */,
				98C63C0C2960541C00D7F32E /* API */,
			);
			path = Managers;
			sourceTree = "<group>";
		};
		98F8A28228E6DD2C0010E8AC /* Model */ = {
			isa = PBXGroup;
			children = (
				98C63C0729604ECF00D7F32E /* Query */,
				98C63C0629604ECA00D7F32E /* Source */,
				98C63C0529604EC500D7F32E /* News */,
				98695658294E050900927139 /* Content.swift */,
			);
			path = Model;
			sourceTree = "<group>";
		};
		98F8A28728E6E3080010E8AC /* Controller */ = {
			isa = PBXGroup;
			children = (
				98C63B98295B7BE800D7F32E /* SearchController.swift */,
				98C63B9A295CB58000D7F32E /* RootNavController */,
				98C63B9B295CB58F00D7F32E /* SideMenuViewController */,
				985E62602947BB8000CB09A0 /* MainViewController */,
				985E626D2947BCFC00CB09A0 /* ChildViewController */,
				985E62722947BD7400CB09A0 /* GrandChildViewController */,
			);
			path = Controller;
			sourceTree = "<group>";
		};
		98F8A28C28E6E74C0010E8AC /* View */ = {
			isa = PBXGroup;
			children = (
				98C63B95295B761F00D7F32E /* BlurryView.swift */,
				98C63B912958DFFF00D7F32E /* Table */,
				98C63B8C2958CE2F00D7F32E /* Collection */,
				985E62752947BDC900CB09A0 /* Reusable */,
				985E62742947BDC200CB09A0 /* Cell */,
			);
			path = View;
			sourceTree = "<group>";
		};
/* End PBXGroup section */

/* Begin PBXNativeTarget section */
		98F8A24A28E6D9F30010E8AC /* NewsPapier */ = {
			isa = PBXNativeTarget;
			buildConfigurationList = 98F8A27828E6D9F40010E8AC /* Build configuration list for PBXNativeTarget "NewsPapier" */;
			buildPhases = (
				98F8A24728E6D9F30010E8AC /* Sources */,
				98F8A24828E6D9F30010E8AC /* Frameworks */,
				98F8A24928E6D9F30010E8AC /* Resources */,
			);
			buildRules = (
			);
			dependencies = (
			);
			name = NewsPapier;
			packageProductDependencies = (
				98A0262728E74F94002FA5AE /* SDWebImage */,
				98A0262928E74F94002FA5AE /* SDWebImageMapKit */,
				98C63B8A2950ED8100D7F32E /* SkeletonView */,
			);
			productName = NewsPapier;
			productReference = 98F8A24B28E6D9F30010E8AC /* NewsPapier.app */;
			productType = "com.apple.product-type.application";
		};
		98F8A26328E6D9F40010E8AC /* NewsPapierTests */ = {
			isa = PBXNativeTarget;
			buildConfigurationList = 98F8A27B28E6D9F40010E8AC /* Build configuration list for PBXNativeTarget "NewsPapierTests" */;
			buildPhases = (
				98F8A26028E6D9F40010E8AC /* Sources */,
				98F8A26128E6D9F40010E8AC /* Frameworks */,
				98F8A26228E6D9F40010E8AC /* Resources */,
			);
			buildRules = (
			);
			dependencies = (
				98F8A26628E6D9F40010E8AC /* PBXTargetDependency */,
			);
			name = NewsPapierTests;
			productName = NewsPapierTests;
			productReference = 98F8A26428E6D9F40010E8AC /* NewsPapierTests.xctest */;
			productType = "com.apple.product-type.bundle.unit-test";
		};
		98F8A26D28E6D9F40010E8AC /* NewsPapierUITests */ = {
			isa = PBXNativeTarget;
			buildConfigurationList = 98F8A27E28E6D9F40010E8AC /* Build configuration list for PBXNativeTarget "NewsPapierUITests" */;
			buildPhases = (
				98F8A26A28E6D9F40010E8AC /* Sources */,
				98F8A26B28E6D9F40010E8AC /* Frameworks */,
				98F8A26C28E6D9F40010E8AC /* Resources */,
			);
			buildRules = (
			);
			dependencies = (
				98F8A27028E6D9F40010E8AC /* PBXTargetDependency */,
			);
			name = NewsPapierUITests;
			productName = NewsPapierUITests;
			productReference = 98F8A26E28E6D9F40010E8AC /* NewsPapierUITests.xctest */;
			productType = "com.apple.product-type.bundle.ui-testing";
		};
/* End PBXNativeTarget section */

/* Begin PBXProject section */
		98F8A24328E6D9F30010E8AC /* Project object */ = {
			isa = PBXProject;
			attributes = {
				BuildIndependentTargetsInParallel = 1;
				LastSwiftUpdateCheck = 1400;
				LastUpgradeCheck = 1400;
				TargetAttributes = {
					98F8A24A28E6D9F30010E8AC = {
						CreatedOnToolsVersion = 14.0.1;
					};
					98F8A26328E6D9F40010E8AC = {
						CreatedOnToolsVersion = 14.0.1;
						TestTargetID = 98F8A24A28E6D9F30010E8AC;
					};
					98F8A26D28E6D9F40010E8AC = {
						CreatedOnToolsVersion = 14.0.1;
						TestTargetID = 98F8A24A28E6D9F30010E8AC;
					};
				};
			};
			buildConfigurationList = 98F8A24628E6D9F30010E8AC /* Build configuration list for PBXProject "NewsPapier" */;
			compatibilityVersion = "Xcode 14.0";
			developmentRegion = en;
			hasScannedForEncodings = 0;
			knownRegions = (
				en,
				Base,
			);
			mainGroup = 98F8A24228E6D9F30010E8AC;
			packageReferences = (
				98A0262628E74F94002FA5AE /* XCRemoteSwiftPackageReference "SDWebImage" */,
				98C63B892950ED8100D7F32E /* XCRemoteSwiftPackageReference "SkeletonView" */,
			);
			productRefGroup = 98F8A24C28E6D9F30010E8AC /* Products */;
			projectDirPath = "";
			projectRoot = "";
			targets = (
				98F8A24A28E6D9F30010E8AC /* NewsPapier */,
				98F8A26328E6D9F40010E8AC /* NewsPapierTests */,
				98F8A26D28E6D9F40010E8AC /* NewsPapierUITests */,
			);
		};
/* End PBXProject section */

/* Begin PBXResourcesBuildPhase section */
		98F8A24928E6D9F30010E8AC /* Resources */ = {
			isa = PBXResourcesBuildPhase;
			buildActionMask = 2147483647;
			files = (
				98F8A25E28E6D9F30010E8AC /* LaunchScreen.storyboard in Resources */,
				98F8A25B28E6D9F30010E8AC /* Assets.xcassets in Resources */,
			);
			runOnlyForDeploymentPostprocessing = 0;
		};
		98F8A26228E6D9F40010E8AC /* Resources */ = {
			isa = PBXResourcesBuildPhase;
			buildActionMask = 2147483647;
			files = (
			);
			runOnlyForDeploymentPostprocessing = 0;
		};
		98F8A26C28E6D9F40010E8AC /* Resources */ = {
			isa = PBXResourcesBuildPhase;
			buildActionMask = 2147483647;
			files = (
			);
			runOnlyForDeploymentPostprocessing = 0;
		};
/* End PBXResourcesBuildPhase section */

/* Begin PBXSourcesBuildPhase section */
		98F8A24728E6D9F30010E8AC /* Sources */ = {
			isa = PBXSourcesBuildPhase;
			buildActionMask = 2147483647;
			files = (
				98C63C14296055B400D7F32E /* Async.swift in Sources */,
				98C63B96295B761F00D7F32E /* BlurryView.swift in Sources */,
				985E625F2946012D00CB09A0 /* DiscoverSourcesCell.swift in Sources */,
				985E62712947BD3600CB09A0 /* NewsViewController+Protocol.swift in Sources */,
				98C63BAA295E1EE000D7F32E /* UILabel+.swift in Sources */,
				985E625329452F7E00CB09A0 /* RootNavigationController.swift in Sources */,
				98C63BAE296042AB00D7F32E /* Date+.swift in Sources */,
				985E62642947BBB200CB09A0 /* MainViewController+Search.swift in Sources */,
				98C63C0E2960543400D7F32E /* Request.swift in Sources */,
				98C63C0429604EC100D7F32E /* SourceRequest.swift in Sources */,
				985E626F2947BD0F00CB09A0 /* NewsViewController+Data.swift in Sources */,
				981D3D5028FC482000FB0C90 /* DataPersistence.swift in Sources */,
				985E627A294A47C900CB09A0 /* SideMenuViewController.swift in Sources */,
				98C63BA6295CC73F00D7F32E /* UIColor+.swift in Sources */,
				98C63BFE29604EA100D7F32E /* NewsRequest.swift in Sources */,
				98C63C122960544300D7F32E /* Caller.swift in Sources */,
				98C63C0B2960505500D7F32E /* Alias.swift in Sources */,
				98C63C102960543C00D7F32E /* Error.swift in Sources */,
				98C63B8E2958CE4700D7F32E /* HomeCollectionView.swift in Sources */,
				985E62662947BBC000CB09A0 /* MainViewController+Delegate.swift in Sources */,
				98C63B9D295CB5B100D7F32E /* RootNavigationController+Delegate.swift in Sources */,
				98C63BA2295CC68F00D7F32E /* Theme.swift in Sources */,
				98F8A25928E6D9F30010E8AC /* NewsPapier.xcdatamodeld in Sources */,
				98C63BAC295E214A00D7F32E /* UIImageView+.swift in Sources */,
				985E625A294531F400CB09A0 /* DiscoverCategoriesCell.swift in Sources */,
				985E625529452F9100CB09A0 /* MainViewController.swift in Sources */,
				98F8A24F28E6D9F30010E8AC /* AppDelegate.swift in Sources */,
				98695655294BB4FC00927139 /* SideMenuCell.swift in Sources */,
				985E626C2947BCB500CB09A0 /* Background.swift in Sources */,
				98C63B932958E00C00D7F32E /* NewsTableView.swift in Sources */,
				98695653294BB49000927139 /* SideMenuCellView.swift in Sources */,
				98C63B9F295CB5EC00D7F32E /* SideMenuViewController+Data.swift in Sources */,
				98C63BA8295E073D00D7F32E /* NewsViewController+Scroll.swift in Sources */,
				985E624F294510AB00CB09A0 /* TopNewsTableViewCell.swift in Sources */,
				985E62622947BB9800CB09A0 /* MainViewController+Data.swift in Sources */,
				985E624D29450F8A00CB09A0 /* NewsViewController.swift in Sources */,
				98C63BB0296045A000D7F32E /* UIView+.swift in Sources */,
				9814FB1B28EAC4EF00BAC07C /* NewsDetailViewController.swift in Sources */,
				985E62682947BC6600CB09A0 /* Header.swift in Sources */,
				98C63C18296056F400D7F32E /* AppPreferences.swift in Sources */,
				98695659294E050900927139 /* Content.swift in Sources */,
				98C63C0229604EB800D7F32E /* SourceResponse.swift in Sources */,
				985E62572945318500CB09A0 /* CompositionalLayout.swift in Sources */,
				985E626A2947BC9B00CB09A0 /* Footer.swift in Sources */,
				985E625C2945F65900CB09A0 /* DiscoverMainCategoryCell.swift in Sources */,
				98C63B99295B7BE800D7F32E /* SearchController.swift in Sources */,
				98C63C0029604EAD00D7F32E /* Source.swift in Sources */,
				98C63BA4295CC70D00D7F32E /* UIFont+.swift in Sources */,
				98F8A28428E6DD420010E8AC /* News.swift in Sources */,
				98C63C0929604EE400D7F32E /* QueryRequest.swift in Sources */,
				98C63BFC29604E9500D7F32E /* NewsResponse.swift in Sources */,
				98C63B902958DEC500D7F32E /* String+.swift in Sources */,
				98F8A25128E6D9F30010E8AC /* SceneDelegate.swift in Sources */,
			);
			runOnlyForDeploymentPostprocessing = 0;
		};
		98F8A26028E6D9F40010E8AC /* Sources */ = {
			isa = PBXSourcesBuildPhase;
			buildActionMask = 2147483647;
			files = (
			);
			runOnlyForDeploymentPostprocessing = 0;
		};
		98F8A26A28E6D9F40010E8AC /* Sources */ = {
			isa = PBXSourcesBuildPhase;
			buildActionMask = 2147483647;
			files = (
			);
			runOnlyForDeploymentPostprocessing = 0;
		};
/* End PBXSourcesBuildPhase section */

/* Begin PBXTargetDependency section */
		98F8A26628E6D9F40010E8AC /* PBXTargetDependency */ = {
			isa = PBXTargetDependency;
			target = 98F8A24A28E6D9F30010E8AC /* NewsPapier */;
			targetProxy = 98F8A26528E6D9F40010E8AC /* PBXContainerItemProxy */;
		};
		98F8A27028E6D9F40010E8AC /* PBXTargetDependency */ = {
			isa = PBXTargetDependency;
			target = 98F8A24A28E6D9F30010E8AC /* NewsPapier */;
			targetProxy = 98F8A26F28E6D9F40010E8AC /* PBXContainerItemProxy */;
		};
/* End PBXTargetDependency section */

/* Begin PBXVariantGroup section */
		98F8A25C28E6D9F30010E8AC /* LaunchScreen.storyboard */ = {
			isa = PBXVariantGroup;
			children = (
				98F8A25D28E6D9F30010E8AC /* Base */,
			);
			name = LaunchScreen.storyboard;
			sourceTree = "<group>";
		};
/* End PBXVariantGroup section */

/* Begin XCBuildConfiguration section */
		98F8A27628E6D9F40010E8AC /* Debug */ = {
			isa = XCBuildConfiguration;
			buildSettings = {
				ALWAYS_SEARCH_USER_PATHS = NO;
				CLANG_ANALYZER_NONNULL = YES;
				CLANG_ANALYZER_NUMBER_OBJECT_CONVERSION = YES_AGGRESSIVE;
				CLANG_CXX_LANGUAGE_STANDARD = "gnu++20";
				CLANG_ENABLE_MODULES = YES;
				CLANG_ENABLE_OBJC_ARC = YES;
				CLANG_ENABLE_OBJC_WEAK = YES;
				CLANG_WARN_BLOCK_CAPTURE_AUTORELEASING = YES;
				CLANG_WARN_BOOL_CONVERSION = YES;
				CLANG_WARN_COMMA = YES;
				CLANG_WARN_CONSTANT_CONVERSION = YES;
				CLANG_WARN_DEPRECATED_OBJC_IMPLEMENTATIONS = YES;
				CLANG_WARN_DIRECT_OBJC_ISA_USAGE = YES_ERROR;
				CLANG_WARN_DOCUMENTATION_COMMENTS = YES;
				CLANG_WARN_EMPTY_BODY = YES;
				CLANG_WARN_ENUM_CONVERSION = YES;
				CLANG_WARN_INFINITE_RECURSION = YES;
				CLANG_WARN_INT_CONVERSION = YES;
				CLANG_WARN_NON_LITERAL_NULL_CONVERSION = YES;
				CLANG_WARN_OBJC_IMPLICIT_RETAIN_SELF = YES;
				CLANG_WARN_OBJC_LITERAL_CONVERSION = YES;
				CLANG_WARN_OBJC_ROOT_CLASS = YES_ERROR;
				CLANG_WARN_QUOTED_INCLUDE_IN_FRAMEWORK_HEADER = YES;
				CLANG_WARN_RANGE_LOOP_ANALYSIS = YES;
				CLANG_WARN_STRICT_PROTOTYPES = YES;
				CLANG_WARN_SUSPICIOUS_MOVE = YES;
				CLANG_WARN_UNGUARDED_AVAILABILITY = YES_AGGRESSIVE;
				CLANG_WARN_UNREACHABLE_CODE = YES;
				CLANG_WARN__DUPLICATE_METHOD_MATCH = YES;
				COPY_PHASE_STRIP = NO;
				DEBUG_INFORMATION_FORMAT = dwarf;
				ENABLE_STRICT_OBJC_MSGSEND = YES;
				ENABLE_TESTABILITY = YES;
				GCC_C_LANGUAGE_STANDARD = gnu11;
				GCC_DYNAMIC_NO_PIC = NO;
				GCC_NO_COMMON_BLOCKS = YES;
				GCC_OPTIMIZATION_LEVEL = 0;
				GCC_PREPROCESSOR_DEFINITIONS = (
					"DEBUG=1",
					"$(inherited)",
				);
				GCC_WARN_64_TO_32_BIT_CONVERSION = YES;
				GCC_WARN_ABOUT_RETURN_TYPE = YES_ERROR;
				GCC_WARN_UNDECLARED_SELECTOR = YES;
				GCC_WARN_UNINITIALIZED_AUTOS = YES_AGGRESSIVE;
				GCC_WARN_UNUSED_FUNCTION = YES;
				GCC_WARN_UNUSED_VARIABLE = YES;
				IPHONEOS_DEPLOYMENT_TARGET = 16.0;
				MTL_ENABLE_DEBUG_INFO = INCLUDE_SOURCE;
				MTL_FAST_MATH = YES;
				ONLY_ACTIVE_ARCH = YES;
				SDKROOT = iphoneos;
				SWIFT_ACTIVE_COMPILATION_CONDITIONS = DEBUG;
				SWIFT_OPTIMIZATION_LEVEL = "-Onone";
			};
			name = Debug;
		};
		98F8A27728E6D9F40010E8AC /* Release */ = {
			isa = XCBuildConfiguration;
			buildSettings = {
				ALWAYS_SEARCH_USER_PATHS = NO;
				CLANG_ANALYZER_NONNULL = YES;
				CLANG_ANALYZER_NUMBER_OBJECT_CONVERSION = YES_AGGRESSIVE;
				CLANG_CXX_LANGUAGE_STANDARD = "gnu++20";
				CLANG_ENABLE_MODULES = YES;
				CLANG_ENABLE_OBJC_ARC = YES;
				CLANG_ENABLE_OBJC_WEAK = YES;
				CLANG_WARN_BLOCK_CAPTURE_AUTORELEASING = YES;
				CLANG_WARN_BOOL_CONVERSION = YES;
				CLANG_WARN_COMMA = YES;
				CLANG_WARN_CONSTANT_CONVERSION = YES;
				CLANG_WARN_DEPRECATED_OBJC_IMPLEMENTATIONS = YES;
				CLANG_WARN_DIRECT_OBJC_ISA_USAGE = YES_ERROR;
				CLANG_WARN_DOCUMENTATION_COMMENTS = YES;
				CLANG_WARN_EMPTY_BODY = YES;
				CLANG_WARN_ENUM_CONVERSION = YES;
				CLANG_WARN_INFINITE_RECURSION = YES;
				CLANG_WARN_INT_CONVERSION = YES;
				CLANG_WARN_NON_LITERAL_NULL_CONVERSION = YES;
				CLANG_WARN_OBJC_IMPLICIT_RETAIN_SELF = YES;
				CLANG_WARN_OBJC_LITERAL_CONVERSION = YES;
				CLANG_WARN_OBJC_ROOT_CLASS = YES_ERROR;
				CLANG_WARN_QUOTED_INCLUDE_IN_FRAMEWORK_HEADER = YES;
				CLANG_WARN_RANGE_LOOP_ANALYSIS = YES;
				CLANG_WARN_STRICT_PROTOTYPES = YES;
				CLANG_WARN_SUSPICIOUS_MOVE = YES;
				CLANG_WARN_UNGUARDED_AVAILABILITY = YES_AGGRESSIVE;
				CLANG_WARN_UNREACHABLE_CODE = YES;
				CLANG_WARN__DUPLICATE_METHOD_MATCH = YES;
				COPY_PHASE_STRIP = NO;
				DEBUG_INFORMATION_FORMAT = "dwarf-with-dsym";
				ENABLE_NS_ASSERTIONS = NO;
				ENABLE_STRICT_OBJC_MSGSEND = YES;
				GCC_C_LANGUAGE_STANDARD = gnu11;
				GCC_NO_COMMON_BLOCKS = YES;
				GCC_WARN_64_TO_32_BIT_CONVERSION = YES;
				GCC_WARN_ABOUT_RETURN_TYPE = YES_ERROR;
				GCC_WARN_UNDECLARED_SELECTOR = YES;
				GCC_WARN_UNINITIALIZED_AUTOS = YES_AGGRESSIVE;
				GCC_WARN_UNUSED_FUNCTION = YES;
				GCC_WARN_UNUSED_VARIABLE = YES;
				IPHONEOS_DEPLOYMENT_TARGET = 16.0;
				MTL_ENABLE_DEBUG_INFO = NO;
				MTL_FAST_MATH = YES;
				SDKROOT = iphoneos;
				SWIFT_COMPILATION_MODE = wholemodule;
				SWIFT_OPTIMIZATION_LEVEL = "-O";
				VALIDATE_PRODUCT = YES;
			};
			name = Release;
		};
		98F8A27928E6D9F40010E8AC /* Debug */ = {
			isa = XCBuildConfiguration;
			buildSettings = {
				ASSETCATALOG_COMPILER_APPICON_NAME = AppIcon;
				ASSETCATALOG_COMPILER_GLOBAL_ACCENT_COLOR_NAME = AccentColor;
				CODE_SIGN_STYLE = Automatic;
				CURRENT_PROJECT_VERSION = 1;
				GENERATE_INFOPLIST_FILE = YES;
				INFOPLIST_FILE = NewsPapier/Info.plist;
				INFOPLIST_KEY_UIApplicationSupportsIndirectInputEvents = YES;
				INFOPLIST_KEY_UILaunchStoryboardName = LaunchScreen;
				INFOPLIST_KEY_UISupportedInterfaceOrientations_iPad = "UIInterfaceOrientationPortrait UIInterfaceOrientationPortraitUpsideDown UIInterfaceOrientationLandscapeLeft UIInterfaceOrientationLandscapeRight";
				INFOPLIST_KEY_UISupportedInterfaceOrientations_iPhone = "UIInterfaceOrientationPortrait UIInterfaceOrientationLandscapeLeft UIInterfaceOrientationLandscapeRight";
				LD_RUNPATH_SEARCH_PATHS = (
					"$(inherited)",
					"@executable_path/Frameworks",
				);
				MARKETING_VERSION = 1.0;
				PRODUCT_BUNDLE_IDENTIFIER = uckmhnds.NewsPapier;
				PRODUCT_NAME = "$(TARGET_NAME)";
				SWIFT_EMIT_LOC_STRINGS = YES;
				SWIFT_VERSION = 5.0;
				TARGETED_DEVICE_FAMILY = "1,2";
			};
			name = Debug;
		};
		98F8A27A28E6D9F40010E8AC /* Release */ = {
			isa = XCBuildConfiguration;
			buildSettings = {
				ASSETCATALOG_COMPILER_APPICON_NAME = AppIcon;
				ASSETCATALOG_COMPILER_GLOBAL_ACCENT_COLOR_NAME = AccentColor;
				CODE_SIGN_STYLE = Automatic;
				CURRENT_PROJECT_VERSION = 1;
				GENERATE_INFOPLIST_FILE = YES;
				INFOPLIST_FILE = NewsPapier/Info.plist;
				INFOPLIST_KEY_UIApplicationSupportsIndirectInputEvents = YES;
				INFOPLIST_KEY_UILaunchStoryboardName = LaunchScreen;
				INFOPLIST_KEY_UISupportedInterfaceOrientations_iPad = "UIInterfaceOrientationPortrait UIInterfaceOrientationPortraitUpsideDown UIInterfaceOrientationLandscapeLeft UIInterfaceOrientationLandscapeRight";
				INFOPLIST_KEY_UISupportedInterfaceOrientations_iPhone = "UIInterfaceOrientationPortrait UIInterfaceOrientationLandscapeLeft UIInterfaceOrientationLandscapeRight";
				LD_RUNPATH_SEARCH_PATHS = (
					"$(inherited)",
					"@executable_path/Frameworks",
				);
				MARKETING_VERSION = 1.0;
				PRODUCT_BUNDLE_IDENTIFIER = uckmhnds.NewsPapier;
				PRODUCT_NAME = "$(TARGET_NAME)";
				SWIFT_EMIT_LOC_STRINGS = YES;
				SWIFT_VERSION = 5.0;
				TARGETED_DEVICE_FAMILY = "1,2";
			};
			name = Release;
		};
		98F8A27C28E6D9F40010E8AC /* Debug */ = {
			isa = XCBuildConfiguration;
			buildSettings = {
				ALWAYS_EMBED_SWIFT_STANDARD_LIBRARIES = YES;
				BUNDLE_LOADER = "$(TEST_HOST)";
				CODE_SIGN_STYLE = Automatic;
				CURRENT_PROJECT_VERSION = 1;
				GENERATE_INFOPLIST_FILE = YES;
				IPHONEOS_DEPLOYMENT_TARGET = 16.0;
				MARKETING_VERSION = 1.0;
				PRODUCT_BUNDLE_IDENTIFIER = uckmhnds.NewsPapierTests;
				PRODUCT_NAME = "$(TARGET_NAME)";
				SWIFT_EMIT_LOC_STRINGS = NO;
				SWIFT_VERSION = 5.0;
				TARGETED_DEVICE_FAMILY = "1,2";
				TEST_HOST = "$(BUILT_PRODUCTS_DIR)/NewsPapier.app/$(BUNDLE_EXECUTABLE_FOLDER_PATH)/NewsPapier";
			};
			name = Debug;
		};
		98F8A27D28E6D9F40010E8AC /* Release */ = {
			isa = XCBuildConfiguration;
			buildSettings = {
				ALWAYS_EMBED_SWIFT_STANDARD_LIBRARIES = YES;
				BUNDLE_LOADER = "$(TEST_HOST)";
				CODE_SIGN_STYLE = Automatic;
				CURRENT_PROJECT_VERSION = 1;
				GENERATE_INFOPLIST_FILE = YES;
				IPHONEOS_DEPLOYMENT_TARGET = 16.0;
				MARKETING_VERSION = 1.0;
				PRODUCT_BUNDLE_IDENTIFIER = uckmhnds.NewsPapierTests;
				PRODUCT_NAME = "$(TARGET_NAME)";
				SWIFT_EMIT_LOC_STRINGS = NO;
				SWIFT_VERSION = 5.0;
				TARGETED_DEVICE_FAMILY = "1,2";
				TEST_HOST = "$(BUILT_PRODUCTS_DIR)/NewsPapier.app/$(BUNDLE_EXECUTABLE_FOLDER_PATH)/NewsPapier";
			};
			name = Release;
		};
		98F8A27F28E6D9F40010E8AC /* Debug */ = {
			isa = XCBuildConfiguration;
			buildSettings = {
				ALWAYS_EMBED_SWIFT_STANDARD_LIBRARIES = YES;
				CODE_SIGN_STYLE = Automatic;
				CURRENT_PROJECT_VERSION = 1;
				GENERATE_INFOPLIST_FILE = YES;
				MARKETING_VERSION = 1.0;
				PRODUCT_BUNDLE_IDENTIFIER = uckmhnds.NewsPapierUITests;
				PRODUCT_NAME = "$(TARGET_NAME)";
				SWIFT_EMIT_LOC_STRINGS = NO;
				SWIFT_VERSION = 5.0;
				TARGETED_DEVICE_FAMILY = "1,2";
				TEST_TARGET_NAME = NewsPapier;
			};
			name = Debug;
		};
		98F8A28028E6D9F40010E8AC /* Release */ = {
			isa = XCBuildConfiguration;
			buildSettings = {
				ALWAYS_EMBED_SWIFT_STANDARD_LIBRARIES = YES;
				CODE_SIGN_STYLE = Automatic;
				CURRENT_PROJECT_VERSION = 1;
				GENERATE_INFOPLIST_FILE = YES;
				MARKETING_VERSION = 1.0;
				PRODUCT_BUNDLE_IDENTIFIER = uckmhnds.NewsPapierUITests;
				PRODUCT_NAME = "$(TARGET_NAME)";
				SWIFT_EMIT_LOC_STRINGS = NO;
				SWIFT_VERSION = 5.0;
				TARGETED_DEVICE_FAMILY = "1,2";
				TEST_TARGET_NAME = NewsPapier;
			};
			name = Release;
		};
/* End XCBuildConfiguration section */

/* Begin XCConfigurationList section */
		98F8A24628E6D9F30010E8AC /* Build configuration list for PBXProject "NewsPapier" */ = {
			isa = XCConfigurationList;
			buildConfigurations = (
				98F8A27628E6D9F40010E8AC /* Debug */,
				98F8A27728E6D9F40010E8AC /* Release */,
			);
			defaultConfigurationIsVisible = 0;
			defaultConfigurationName = Release;
		};
		98F8A27828E6D9F40010E8AC /* Build configuration list for PBXNativeTarget "NewsPapier" */ = {
			isa = XCConfigurationList;
			buildConfigurations = (
				98F8A27928E6D9F40010E8AC /* Debug */,
				98F8A27A28E6D9F40010E8AC /* Release */,
			);
			defaultConfigurationIsVisible = 0;
			defaultConfigurationName = Release;
		};
		98F8A27B28E6D9F40010E8AC /* Build configuration list for PBXNativeTarget "NewsPapierTests" */ = {
			isa = XCConfigurationList;
			buildConfigurations = (
				98F8A27C28E6D9F40010E8AC /* Debug */,
				98F8A27D28E6D9F40010E8AC /* Release */,
			);
			defaultConfigurationIsVisible = 0;
			defaultConfigurationName = Release;
		};
		98F8A27E28E6D9F40010E8AC /* Build configuration list for PBXNativeTarget "NewsPapierUITests" */ = {
			isa = XCConfigurationList;
			buildConfigurations = (
				98F8A27F28E6D9F40010E8AC /* Debug */,
				98F8A28028E6D9F40010E8AC /* Release */,
			);
			defaultConfigurationIsVisible = 0;
			defaultConfigurationName = Release;
		};
/* End XCConfigurationList section */

/* Begin XCRemoteSwiftPackageReference section */
		98A0262628E74F94002FA5AE /* XCRemoteSwiftPackageReference "SDWebImage" */ = {
			isa = XCRemoteSwiftPackageReference;
			repositoryURL = "https://github.com/SDWebImage/SDWebImage.git";
			requirement = {
				branch = master;
				kind = branch;
			};
		};
		98C63B892950ED8100D7F32E /* XCRemoteSwiftPackageReference "SkeletonView" */ = {
			isa = XCRemoteSwiftPackageReference;
			repositoryURL = "https://github.com/Juanpe/SkeletonView.git";
			requirement = {
				branch = main;
				kind = branch;
			};
		};
/* End XCRemoteSwiftPackageReference section */

/* Begin XCSwiftPackageProductDependency section */
		98A0262728E74F94002FA5AE /* SDWebImage */ = {
			isa = XCSwiftPackageProductDependency;
			package = 98A0262628E74F94002FA5AE /* XCRemoteSwiftPackageReference "SDWebImage" */;
			productName = SDWebImage;
		};
		98A0262928E74F94002FA5AE /* SDWebImageMapKit */ = {
			isa = XCSwiftPackageProductDependency;
			package = 98A0262628E74F94002FA5AE /* XCRemoteSwiftPackageReference "SDWebImage" */;
			productName = SDWebImageMapKit;
		};
		98C63B8A2950ED8100D7F32E /* SkeletonView */ = {
			isa = XCSwiftPackageProductDependency;
			package = 98C63B892950ED8100D7F32E /* XCRemoteSwiftPackageReference "SkeletonView" */;
			productName = SkeletonView;
		};
/* End XCSwiftPackageProductDependency section */

/* Begin XCVersionGroup section */
		98F8A25728E6D9F30010E8AC /* NewsPapier.xcdatamodeld */ = {
			isa = XCVersionGroup;
			children = (
				98F8A25828E6D9F30010E8AC /* NewsPapier.xcdatamodel */,
			);
			currentVersion = 98F8A25828E6D9F30010E8AC /* NewsPapier.xcdatamodel */;
			path = NewsPapier.xcdatamodeld;
			sourceTree = "<group>";
			versionGroupType = wrapper.xcdatamodel;
		};
/* End XCVersionGroup section */
	};
	rootObject = 98F8A24328E6D9F30010E8AC /* Project object */;
}
